
Microsoft Visual Studio Solution File, Format Version 12.00
# Visual Studio Version 16
VisualStudioVersion = 16.0.31515.178
MinimumVisualStudioVersion = 10.0.40219.1
Project("{FAE04EC0-301F-11D3-BF4B-00C04F79EFBC}") = "furniture-system-web", "furniture-system-web\furniture-system-web.csproj", "{89697A02-4AE2-426B-9737-221F0CDCAAFC}"
EndProject
Global
	GlobalSection(SolutionConfigurationPlatforms) = preSolution
		Debug|Any CPU = Debug|Any CPU
		Release|Any CPU = Release|Any CPU
	EndGlobalSection
	GlobalSection(ProjectConfigurationPlatforms) = postSolution
		{89697A02-4AE2-426B-9737-221F0CDCAAFC}.Debug|Any CPU.ActiveCfg = Debug|Any CPU
		{89697A02-4AE2-426B-9737-221F0CDCAAFC}.Debug|Any CPU.Build.0 = Debug|Any CPU
		{89697A02-4AE2-426B-9737-221F0CDCAAFC}.Release|Any CPU.ActiveCfg = Release|Any CPU
		{89697A02-4AE2-426B-9737-221F0CDCAAFC}.Release|Any CPU.Build.0 = Release|Any CPU
	EndGlobalSection
	GlobalSection(SolutionProperties) = preSolution
		HideSolutionNode = FALSE
	EndGlobalSection
	GlobalSection(ExtensibilityGlobals) = postSolution
		SolutionGuid = {FD4B61FE-5E03-44A2-B809-3BA73F1EDC29}
	EndGlobalSection
EndGlobal
